
Microsoft Visual Studio Solution File, Format Version 12.00
# Visual Studio Version 16
VisualStudioVersion = 16.0.29609.76
MinimumVisualStudioVersion = 10.0.40219.1
Project("{9A19103F-16F7-4668-BE54-9A1E7A4F7556}") = "PluginManager", "src\PluginManager.csproj", "{32B162D8-14A0-412F-8351-6E911D25F1B2}"
EndProject
Global
	GlobalSection(SolutionConfigurationPlatforms) = preSolution
		Debug|Any CPU = Debug|Any CPU
		Release|Any CPU = Release|Any CPU
	EndGlobalSection
	GlobalSection(ProjectConfigurationPlatforms) = postSolution
		{32B162D8-14A0-412F-8351-6E911D25F1B2}.Debug|Any CPU.ActiveCfg = Debug|Any CPU
		{32B162D8-14A0-412F-8351-6E911D25F1B2}.Debug|Any CPU.Build.0 = Debug|Any CPU
		{32B162D8-14A0-412F-8351-6E911D25F1B2}.Release|Any CPU.ActiveCfg = Release|Any CPU
		{32B162D8-14A0-412F-8351-6E911D25F1B2}.Release|Any CPU.Build.0 = Release|Any CPU
	EndGlobalSection
	GlobalSection(SolutionProperties) = preSolution
		HideSolutionNode = FALSE
	EndGlobalSection
	GlobalSection(ExtensibilityGlobals) = postSolution
		SolutionGuid = {7990565C-8BE4-4049-B370-AD301B40F26F}
	EndGlobalSection
EndGlobal
