
Microsoft Visual Studio Solution File, Format Version 12.00
# Visual Studio 15
VisualStudioVersion = 15.0.28010.2003
MinimumVisualStudioVersion = 10.0.40219.1
Project("{9A19103F-16F7-4668-BE54-9A1E7A4F7556}") = "AspNetCore.PluginManager", "NetCorePluginManager\AspNetCore.PluginManager.csproj", "{59FE93CB-B341-48E0-B161-6DDC79967ABD}"
EndProject
Project("{9A19103F-16F7-4668-BE54-9A1E7A4F7556}") = "SharedPluginFeatures", "Plugins\SharedPluginFeatures\SharedPluginFeatures.csproj", "{6C451180-373C-4B46-8AF0-561FEF5AAD70}"
EndProject
Project("{9A19103F-16F7-4668-BE54-9A1E7A4F7556}") = "AspNetCore.PluginManager.DemoWebsite", "DemoWebsite\NetCorePluginDemoWebsite\AspNetCore.PluginManager.DemoWebsite.csproj", "{0C1CECA3-2BD1-40EB-8D41-60B56FC3A62C}"
EndProject
Project("{9A19103F-16F7-4668-BE54-9A1E7A4F7556}") = "UserSessionMiddleware.Plugin", "Plugins\UserSessionMiddlewarePlugin\UserSessionMiddleware.Plugin.csproj", "{653B2702-1F94-42DA-9547-A289BFF54AA4}"
EndProject
Project("{9A19103F-16F7-4668-BE54-9A1E7A4F7556}") = "MemoryCachePlugin", "Plugins\MemoryCachePlugin\MemoryCachePlugin.csproj", "{AC3E8463-45A9-4E03-8229-6FC081C6EFCC}"
EndProject
Project("{9A19103F-16F7-4668-BE54-9A1E7A4F7556}") = "DemoApiPlugin", "Plugins\DemoApiPlugin\DemoApiPlugin.csproj", "{4952C437-E100-4A90-A1A4-3481C8443865}"
EndProject
Project("{9A19103F-16F7-4668-BE54-9A1E7A4F7556}") = "DemoWebsitePlugin", "Plugins\DemoRazorWebsitePlugin\DemoWebsitePlugin.csproj", "{195A66F4-33A2-4DE9-9D0F-A4B42BD73372}"
EndProject
Global
	GlobalSection(SolutionConfigurationPlatforms) = preSolution
		Debug|Any CPU = Debug|Any CPU
		Release|Any CPU = Release|Any CPU
	EndGlobalSection
	GlobalSection(ProjectConfigurationPlatforms) = postSolution
		{59FE93CB-B341-48E0-B161-6DDC79967ABD}.Debug|Any CPU.ActiveCfg = Debug|Any CPU
		{59FE93CB-B341-48E0-B161-6DDC79967ABD}.Debug|Any CPU.Build.0 = Debug|Any CPU
		{59FE93CB-B341-48E0-B161-6DDC79967ABD}.Release|Any CPU.ActiveCfg = Release|Any CPU
		{59FE93CB-B341-48E0-B161-6DDC79967ABD}.Release|Any CPU.Build.0 = Release|Any CPU
		{6C451180-373C-4B46-8AF0-561FEF5AAD70}.Debug|Any CPU.ActiveCfg = Debug|Any CPU
		{6C451180-373C-4B46-8AF0-561FEF5AAD70}.Debug|Any CPU.Build.0 = Debug|Any CPU
		{6C451180-373C-4B46-8AF0-561FEF5AAD70}.Release|Any CPU.ActiveCfg = Release|Any CPU
		{6C451180-373C-4B46-8AF0-561FEF5AAD70}.Release|Any CPU.Build.0 = Release|Any CPU
		{0C1CECA3-2BD1-40EB-8D41-60B56FC3A62C}.Debug|Any CPU.ActiveCfg = Debug|Any CPU
		{0C1CECA3-2BD1-40EB-8D41-60B56FC3A62C}.Debug|Any CPU.Build.0 = Debug|Any CPU
		{0C1CECA3-2BD1-40EB-8D41-60B56FC3A62C}.Release|Any CPU.ActiveCfg = Release|Any CPU
		{0C1CECA3-2BD1-40EB-8D41-60B56FC3A62C}.Release|Any CPU.Build.0 = Release|Any CPU
		{653B2702-1F94-42DA-9547-A289BFF54AA4}.Debug|Any CPU.ActiveCfg = Debug|Any CPU
		{653B2702-1F94-42DA-9547-A289BFF54AA4}.Debug|Any CPU.Build.0 = Debug|Any CPU
		{653B2702-1F94-42DA-9547-A289BFF54AA4}.Release|Any CPU.ActiveCfg = Release|Any CPU
		{653B2702-1F94-42DA-9547-A289BFF54AA4}.Release|Any CPU.Build.0 = Release|Any CPU
		{AC3E8463-45A9-4E03-8229-6FC081C6EFCC}.Debug|Any CPU.ActiveCfg = Debug|Any CPU
		{AC3E8463-45A9-4E03-8229-6FC081C6EFCC}.Debug|Any CPU.Build.0 = Debug|Any CPU
		{AC3E8463-45A9-4E03-8229-6FC081C6EFCC}.Release|Any CPU.ActiveCfg = Release|Any CPU
		{AC3E8463-45A9-4E03-8229-6FC081C6EFCC}.Release|Any CPU.Build.0 = Release|Any CPU
		{4952C437-E100-4A90-A1A4-3481C8443865}.Debug|Any CPU.ActiveCfg = Debug|Any CPU
		{4952C437-E100-4A90-A1A4-3481C8443865}.Debug|Any CPU.Build.0 = Debug|Any CPU
		{4952C437-E100-4A90-A1A4-3481C8443865}.Release|Any CPU.ActiveCfg = Release|Any CPU
		{4952C437-E100-4A90-A1A4-3481C8443865}.Release|Any CPU.Build.0 = Release|Any CPU
		{195A66F4-33A2-4DE9-9D0F-A4B42BD73372}.Debug|Any CPU.ActiveCfg = Debug|Any CPU
		{195A66F4-33A2-4DE9-9D0F-A4B42BD73372}.Debug|Any CPU.Build.0 = Debug|Any CPU
		{195A66F4-33A2-4DE9-9D0F-A4B42BD73372}.Release|Any CPU.ActiveCfg = Release|Any CPU
		{195A66F4-33A2-4DE9-9D0F-A4B42BD73372}.Release|Any CPU.Build.0 = Release|Any CPU
	EndGlobalSection
	GlobalSection(SolutionProperties) = preSolution
		HideSolutionNode = FALSE
	EndGlobalSection
	GlobalSection(ExtensibilityGlobals) = postSolution
		SolutionGuid = {144AC182-32DC-41B2-9617-BBB390D27A65}
	EndGlobalSection
EndGlobal
