
Microsoft Visual Studio Solution File, Format Version 12.00
# Visual Studio 15
VisualStudioVersion = 15.0.28010.2003
MinimumVisualStudioVersion = 10.0.40219.1
Project("{9A19103F-16F7-4668-BE54-9A1E7A4F7556}") = "AspNetCore.PluginManager", "NetCorePluginManager\AspNetCore.PluginManager.csproj", "{59FE93CB-B341-48E0-B161-6DDC79967ABD}"
EndProject
Project("{9A19103F-16F7-4668-BE54-9A1E7A4F7556}") = "SharedPluginFeatures", "Plugins\SharedPluginFeatures\SharedPluginFeatures.csproj", "{6C451180-373C-4B46-8AF0-561FEF5AAD70}"
EndProject
Project("{9A19103F-16F7-4668-BE54-9A1E7A4F7556}") = "AspNetCore.PluginManager.DemoWebsite", "DemoWebsite\NetCorePluginDemoWebsite\AspNetCore.PluginManager.DemoWebsite.csproj", "{0C1CECA3-2BD1-40EB-8D41-60B56FC3A62C}"
EndProject
Project("{9A19103F-16F7-4668-BE54-9A1E7A4F7556}") = "UserSessionMiddleware.Plugin", "Plugins\UserSessionMiddlewarePlugin\UserSessionMiddleware.Plugin.csproj", "{653B2702-1F94-42DA-9547-A289BFF54AA4}"
EndProject
Project("{9A19103F-16F7-4668-BE54-9A1E7A4F7556}") = "MemoryCachePlugin", "Plugins\MemoryCachePlugin\MemoryCachePlugin.csproj", "{AC3E8463-45A9-4E03-8229-6FC081C6EFCC}"
EndProject
Project("{9A19103F-16F7-4668-BE54-9A1E7A4F7556}") = "DemoApiPlugin", "Demo\DemoApiPlugin\DemoApiPlugin.csproj", "{38817249-1E0C-4728-AB0F-732D863D26FE}"
EndProject
Project("{9A19103F-16F7-4668-BE54-9A1E7A4F7556}") = "DemoWebsitePlugin", "Demo\DemoRazorWebsitePlugin\DemoWebsitePlugin.csproj", "{AF334AD9-8D32-4F71-9B0B-F9DEF77C3C98}"
EndProject
Project("{9A19103F-16F7-4668-BE54-9A1E7A4F7556}") = "Spider.Plugin", "Plugins\Spider.Plugin\Spider.Plugin.csproj", "{E0D3D833-7812-494B-9F1B-3AA63F02F9D9}"
EndProject
Project("{9A19103F-16F7-4668-BE54-9A1E7A4F7556}") = "CacheControl.Plugin", "Plugins\CacheControl.Plugin\CacheControl.Plugin.csproj", "{C8EBCDA5-39DE-4DC4-A774-5B4545350B5D}"
EndProject
Project("{9A19103F-16F7-4668-BE54-9A1E7A4F7556}") = "RestrictIp.Plugin", "Plugins\RestrictIp.Plugin\RestrictIp.Plugin.csproj", "{FDF3ED1B-5126-442A-9C37-D8F86D4B9160}"
EndProject
Project("{9A19103F-16F7-4668-BE54-9A1E7A4F7556}") = "GeoIpPlugin", "Plugins\GeoIpPlugin\GeoIpPlugin.csproj", "{D254CFDC-302C-450A-9C8F-FD0130D68A2E}"
EndProject
Project("{9A19103F-16F7-4668-BE54-9A1E7A4F7556}") = "SystemAdmin.Plugin", "Plugins\SystemAdmin.Plugin\SystemAdmin.Plugin.csproj", "{BCD38860-C640-4012-B148-FCEFF568FB23}"
EndProject
Project("{9A19103F-16F7-4668-BE54-9A1E7A4F7556}") = "SieraDeltaGeoIpPlugin", "Plugins\SDGeoIpPlugin\SieraDeltaGeoIpPlugin.csproj", "{7D05CB90-EA96-4CE9-A15D-11828DD68F9D}"
EndProject
Project("{9A19103F-16F7-4668-BE54-9A1E7A4F7556}") = "BadEgg.Plugin", "Plugins\BadEgg.Plugin\BadEgg.Plugin.csproj", "{5959741F-4BEA-45FD-ACBE-0B088A1AA50E}"
EndProject
Project("{9A19103F-16F7-4668-BE54-9A1E7A4F7556}") = "ErrorManager.Plugin", "Plugins\ErrorManager.Plugin\ErrorManager.Plugin.csproj", "{F401ED7C-DB39-49C1-87C0-813887343D84}"
EndProject
Project("{9A19103F-16F7-4668-BE54-9A1E7A4F7556}") = "Login.Plugin", "Plugins\Login.Plugin\Login.Plugin.csproj", "{5910317E-5481-476B-8C9E-ACC68FC34F78}"
EndProject
Project("{9A19103F-16F7-4668-BE54-9A1E7A4F7556}") = "UserAccount.Plugin", "Plugins\UserAccount.Plugin\UserAccount.Plugin.csproj", "{B14B5FCA-F7F9-4903-84AE-A5FC928D2EA2}"
EndProject
Project("{9A19103F-16F7-4668-BE54-9A1E7A4F7556}") = "PluginMiddleware", "Plugins\PluginMiddleware\PluginMiddleware.csproj", "{708ABA14-E3A2-430D-BEA9-C898D6737937}"
EndProject
Project("{9A19103F-16F7-4668-BE54-9A1E7A4F7556}") = "CompanyPlugin", "Plugins\Company.Plugin\CompanyPlugin.csproj", "{D916B1D6-AF17-4DC4-8235-353A304ECAF2}"
EndProject
Project("{9A19103F-16F7-4668-BE54-9A1E7A4F7556}") = "LocalizationPlugin", "Plugins\LocalizationPlugin\LocalizationPlugin.csproj", "{821952FF-1AB7-4126-8CAB-0AF2F5DD620B}"
EndProject
Project("{9A19103F-16F7-4668-BE54-9A1E7A4F7556}") = "Languages", "Languages\Languages.csproj", "{1858C06C-9B43-4733-8F29-8570DBEE56BD}"
EndProject
Global
	GlobalSection(SolutionConfigurationPlatforms) = preSolution
		Debug Release|Any CPU = Debug Release|Any CPU
		Debug|Any CPU = Debug|Any CPU
		Release|Any CPU = Release|Any CPU
	EndGlobalSection
	GlobalSection(ProjectConfigurationPlatforms) = postSolution
		{59FE93CB-B341-48E0-B161-6DDC79967ABD}.Debug Release|Any CPU.ActiveCfg = Release|Any CPU
		{59FE93CB-B341-48E0-B161-6DDC79967ABD}.Debug Release|Any CPU.Build.0 = Release|Any CPU
		{59FE93CB-B341-48E0-B161-6DDC79967ABD}.Debug|Any CPU.ActiveCfg = Debug|Any CPU
		{59FE93CB-B341-48E0-B161-6DDC79967ABD}.Debug|Any CPU.Build.0 = Debug|Any CPU
		{59FE93CB-B341-48E0-B161-6DDC79967ABD}.Release|Any CPU.ActiveCfg = Release|Any CPU
		{59FE93CB-B341-48E0-B161-6DDC79967ABD}.Release|Any CPU.Build.0 = Release|Any CPU
		{6C451180-373C-4B46-8AF0-561FEF5AAD70}.Debug Release|Any CPU.ActiveCfg = Release|Any CPU
		{6C451180-373C-4B46-8AF0-561FEF5AAD70}.Debug Release|Any CPU.Build.0 = Release|Any CPU
		{6C451180-373C-4B46-8AF0-561FEF5AAD70}.Debug|Any CPU.ActiveCfg = Debug|Any CPU
		{6C451180-373C-4B46-8AF0-561FEF5AAD70}.Debug|Any CPU.Build.0 = Debug|Any CPU
		{6C451180-373C-4B46-8AF0-561FEF5AAD70}.Release|Any CPU.ActiveCfg = Release|Any CPU
		{6C451180-373C-4B46-8AF0-561FEF5AAD70}.Release|Any CPU.Build.0 = Release|Any CPU
		{0C1CECA3-2BD1-40EB-8D41-60B56FC3A62C}.Debug Release|Any CPU.ActiveCfg = Release|Any CPU
		{0C1CECA3-2BD1-40EB-8D41-60B56FC3A62C}.Debug Release|Any CPU.Build.0 = Release|Any CPU
		{0C1CECA3-2BD1-40EB-8D41-60B56FC3A62C}.Debug|Any CPU.ActiveCfg = Debug|Any CPU
		{0C1CECA3-2BD1-40EB-8D41-60B56FC3A62C}.Debug|Any CPU.Build.0 = Debug|Any CPU
		{0C1CECA3-2BD1-40EB-8D41-60B56FC3A62C}.Release|Any CPU.ActiveCfg = Release|Any CPU
		{0C1CECA3-2BD1-40EB-8D41-60B56FC3A62C}.Release|Any CPU.Build.0 = Release|Any CPU
		{653B2702-1F94-42DA-9547-A289BFF54AA4}.Debug Release|Any CPU.ActiveCfg = Release|Any CPU
		{653B2702-1F94-42DA-9547-A289BFF54AA4}.Debug Release|Any CPU.Build.0 = Release|Any CPU
		{653B2702-1F94-42DA-9547-A289BFF54AA4}.Debug|Any CPU.ActiveCfg = Debug|Any CPU
		{653B2702-1F94-42DA-9547-A289BFF54AA4}.Debug|Any CPU.Build.0 = Debug|Any CPU
		{653B2702-1F94-42DA-9547-A289BFF54AA4}.Release|Any CPU.ActiveCfg = Release|Any CPU
		{653B2702-1F94-42DA-9547-A289BFF54AA4}.Release|Any CPU.Build.0 = Release|Any CPU
		{AC3E8463-45A9-4E03-8229-6FC081C6EFCC}.Debug Release|Any CPU.ActiveCfg = Release|Any CPU
		{AC3E8463-45A9-4E03-8229-6FC081C6EFCC}.Debug Release|Any CPU.Build.0 = Release|Any CPU
		{AC3E8463-45A9-4E03-8229-6FC081C6EFCC}.Debug|Any CPU.ActiveCfg = Debug|Any CPU
		{AC3E8463-45A9-4E03-8229-6FC081C6EFCC}.Debug|Any CPU.Build.0 = Debug|Any CPU
		{AC3E8463-45A9-4E03-8229-6FC081C6EFCC}.Release|Any CPU.ActiveCfg = Release|Any CPU
		{AC3E8463-45A9-4E03-8229-6FC081C6EFCC}.Release|Any CPU.Build.0 = Release|Any CPU
		{38817249-1E0C-4728-AB0F-732D863D26FE}.Debug Release|Any CPU.ActiveCfg = Release|Any CPU
		{38817249-1E0C-4728-AB0F-732D863D26FE}.Debug Release|Any CPU.Build.0 = Release|Any CPU
		{38817249-1E0C-4728-AB0F-732D863D26FE}.Debug|Any CPU.ActiveCfg = Debug|Any CPU
		{38817249-1E0C-4728-AB0F-732D863D26FE}.Debug|Any CPU.Build.0 = Debug|Any CPU
		{38817249-1E0C-4728-AB0F-732D863D26FE}.Release|Any CPU.ActiveCfg = Release|Any CPU
		{38817249-1E0C-4728-AB0F-732D863D26FE}.Release|Any CPU.Build.0 = Release|Any CPU
		{AF334AD9-8D32-4F71-9B0B-F9DEF77C3C98}.Debug Release|Any CPU.ActiveCfg = Release|Any CPU
		{AF334AD9-8D32-4F71-9B0B-F9DEF77C3C98}.Debug Release|Any CPU.Build.0 = Release|Any CPU
		{AF334AD9-8D32-4F71-9B0B-F9DEF77C3C98}.Debug|Any CPU.ActiveCfg = Debug|Any CPU
		{AF334AD9-8D32-4F71-9B0B-F9DEF77C3C98}.Debug|Any CPU.Build.0 = Debug|Any CPU
		{AF334AD9-8D32-4F71-9B0B-F9DEF77C3C98}.Release|Any CPU.ActiveCfg = Release|Any CPU
		{AF334AD9-8D32-4F71-9B0B-F9DEF77C3C98}.Release|Any CPU.Build.0 = Release|Any CPU
		{E0D3D833-7812-494B-9F1B-3AA63F02F9D9}.Debug Release|Any CPU.ActiveCfg = Release|Any CPU
		{E0D3D833-7812-494B-9F1B-3AA63F02F9D9}.Debug Release|Any CPU.Build.0 = Release|Any CPU
		{E0D3D833-7812-494B-9F1B-3AA63F02F9D9}.Debug|Any CPU.ActiveCfg = Debug|Any CPU
		{E0D3D833-7812-494B-9F1B-3AA63F02F9D9}.Debug|Any CPU.Build.0 = Debug|Any CPU
		{E0D3D833-7812-494B-9F1B-3AA63F02F9D9}.Release|Any CPU.ActiveCfg = Release|Any CPU
		{E0D3D833-7812-494B-9F1B-3AA63F02F9D9}.Release|Any CPU.Build.0 = Release|Any CPU
		{C8EBCDA5-39DE-4DC4-A774-5B4545350B5D}.Debug Release|Any CPU.ActiveCfg = Release|Any CPU
		{C8EBCDA5-39DE-4DC4-A774-5B4545350B5D}.Debug Release|Any CPU.Build.0 = Release|Any CPU
		{C8EBCDA5-39DE-4DC4-A774-5B4545350B5D}.Debug|Any CPU.ActiveCfg = Debug|Any CPU
		{C8EBCDA5-39DE-4DC4-A774-5B4545350B5D}.Debug|Any CPU.Build.0 = Debug|Any CPU
		{C8EBCDA5-39DE-4DC4-A774-5B4545350B5D}.Release|Any CPU.ActiveCfg = Release|Any CPU
		{C8EBCDA5-39DE-4DC4-A774-5B4545350B5D}.Release|Any CPU.Build.0 = Release|Any CPU
		{FDF3ED1B-5126-442A-9C37-D8F86D4B9160}.Debug Release|Any CPU.ActiveCfg = Release|Any CPU
		{FDF3ED1B-5126-442A-9C37-D8F86D4B9160}.Debug Release|Any CPU.Build.0 = Release|Any CPU
		{FDF3ED1B-5126-442A-9C37-D8F86D4B9160}.Debug|Any CPU.ActiveCfg = Debug|Any CPU
		{FDF3ED1B-5126-442A-9C37-D8F86D4B9160}.Debug|Any CPU.Build.0 = Debug|Any CPU
		{FDF3ED1B-5126-442A-9C37-D8F86D4B9160}.Release|Any CPU.ActiveCfg = Release|Any CPU
		{FDF3ED1B-5126-442A-9C37-D8F86D4B9160}.Release|Any CPU.Build.0 = Release|Any CPU
		{D254CFDC-302C-450A-9C8F-FD0130D68A2E}.Debug Release|Any CPU.ActiveCfg = Release|Any CPU
		{D254CFDC-302C-450A-9C8F-FD0130D68A2E}.Debug Release|Any CPU.Build.0 = Release|Any CPU
		{D254CFDC-302C-450A-9C8F-FD0130D68A2E}.Debug|Any CPU.ActiveCfg = Debug|Any CPU
		{D254CFDC-302C-450A-9C8F-FD0130D68A2E}.Debug|Any CPU.Build.0 = Debug|Any CPU
		{D254CFDC-302C-450A-9C8F-FD0130D68A2E}.Release|Any CPU.ActiveCfg = Release|Any CPU
		{D254CFDC-302C-450A-9C8F-FD0130D68A2E}.Release|Any CPU.Build.0 = Release|Any CPU
		{BCD38860-C640-4012-B148-FCEFF568FB23}.Debug Release|Any CPU.ActiveCfg = Release|Any CPU
		{BCD38860-C640-4012-B148-FCEFF568FB23}.Debug Release|Any CPU.Build.0 = Release|Any CPU
		{BCD38860-C640-4012-B148-FCEFF568FB23}.Debug|Any CPU.ActiveCfg = Debug|Any CPU
		{BCD38860-C640-4012-B148-FCEFF568FB23}.Debug|Any CPU.Build.0 = Debug|Any CPU
		{BCD38860-C640-4012-B148-FCEFF568FB23}.Release|Any CPU.ActiveCfg = Release|Any CPU
		{BCD38860-C640-4012-B148-FCEFF568FB23}.Release|Any CPU.Build.0 = Release|Any CPU
		{7D05CB90-EA96-4CE9-A15D-11828DD68F9D}.Debug Release|Any CPU.ActiveCfg = Release|Any CPU
		{7D05CB90-EA96-4CE9-A15D-11828DD68F9D}.Debug Release|Any CPU.Build.0 = Release|Any CPU
		{7D05CB90-EA96-4CE9-A15D-11828DD68F9D}.Debug|Any CPU.ActiveCfg = Debug|Any CPU
		{7D05CB90-EA96-4CE9-A15D-11828DD68F9D}.Debug|Any CPU.Build.0 = Debug|Any CPU
		{7D05CB90-EA96-4CE9-A15D-11828DD68F9D}.Release|Any CPU.ActiveCfg = Release|Any CPU
		{7D05CB90-EA96-4CE9-A15D-11828DD68F9D}.Release|Any CPU.Build.0 = Release|Any CPU
		{5959741F-4BEA-45FD-ACBE-0B088A1AA50E}.Debug Release|Any CPU.ActiveCfg = Release|Any CPU
		{5959741F-4BEA-45FD-ACBE-0B088A1AA50E}.Debug Release|Any CPU.Build.0 = Release|Any CPU
		{5959741F-4BEA-45FD-ACBE-0B088A1AA50E}.Debug|Any CPU.ActiveCfg = Debug|Any CPU
		{5959741F-4BEA-45FD-ACBE-0B088A1AA50E}.Debug|Any CPU.Build.0 = Debug|Any CPU
		{5959741F-4BEA-45FD-ACBE-0B088A1AA50E}.Release|Any CPU.ActiveCfg = Release|Any CPU
		{5959741F-4BEA-45FD-ACBE-0B088A1AA50E}.Release|Any CPU.Build.0 = Release|Any CPU
		{F401ED7C-DB39-49C1-87C0-813887343D84}.Debug Release|Any CPU.ActiveCfg = Release|Any CPU
		{F401ED7C-DB39-49C1-87C0-813887343D84}.Debug Release|Any CPU.Build.0 = Release|Any CPU
		{F401ED7C-DB39-49C1-87C0-813887343D84}.Debug|Any CPU.ActiveCfg = Debug|Any CPU
		{F401ED7C-DB39-49C1-87C0-813887343D84}.Debug|Any CPU.Build.0 = Debug|Any CPU
		{F401ED7C-DB39-49C1-87C0-813887343D84}.Release|Any CPU.ActiveCfg = Release|Any CPU
		{F401ED7C-DB39-49C1-87C0-813887343D84}.Release|Any CPU.Build.0 = Release|Any CPU
		{5910317E-5481-476B-8C9E-ACC68FC34F78}.Debug Release|Any CPU.ActiveCfg = Release|Any CPU
		{5910317E-5481-476B-8C9E-ACC68FC34F78}.Debug Release|Any CPU.Build.0 = Release|Any CPU
		{5910317E-5481-476B-8C9E-ACC68FC34F78}.Debug|Any CPU.ActiveCfg = Debug|Any CPU
		{5910317E-5481-476B-8C9E-ACC68FC34F78}.Debug|Any CPU.Build.0 = Debug|Any CPU
		{5910317E-5481-476B-8C9E-ACC68FC34F78}.Release|Any CPU.ActiveCfg = Release|Any CPU
		{5910317E-5481-476B-8C9E-ACC68FC34F78}.Release|Any CPU.Build.0 = Release|Any CPU
		{B14B5FCA-F7F9-4903-84AE-A5FC928D2EA2}.Debug Release|Any CPU.ActiveCfg = Release|Any CPU
		{B14B5FCA-F7F9-4903-84AE-A5FC928D2EA2}.Debug Release|Any CPU.Build.0 = Release|Any CPU
		{B14B5FCA-F7F9-4903-84AE-A5FC928D2EA2}.Debug|Any CPU.ActiveCfg = Debug|Any CPU
		{B14B5FCA-F7F9-4903-84AE-A5FC928D2EA2}.Debug|Any CPU.Build.0 = Debug|Any CPU
		{B14B5FCA-F7F9-4903-84AE-A5FC928D2EA2}.Release|Any CPU.ActiveCfg = Release|Any CPU
		{B14B5FCA-F7F9-4903-84AE-A5FC928D2EA2}.Release|Any CPU.Build.0 = Release|Any CPU
		{708ABA14-E3A2-430D-BEA9-C898D6737937}.Debug Release|Any CPU.ActiveCfg = Release|Any CPU
		{708ABA14-E3A2-430D-BEA9-C898D6737937}.Debug Release|Any CPU.Build.0 = Release|Any CPU
		{708ABA14-E3A2-430D-BEA9-C898D6737937}.Debug|Any CPU.ActiveCfg = Debug|Any CPU
		{708ABA14-E3A2-430D-BEA9-C898D6737937}.Debug|Any CPU.Build.0 = Debug|Any CPU
		{708ABA14-E3A2-430D-BEA9-C898D6737937}.Release|Any CPU.ActiveCfg = Release|Any CPU
		{708ABA14-E3A2-430D-BEA9-C898D6737937}.Release|Any CPU.Build.0 = Release|Any CPU
		{D916B1D6-AF17-4DC4-8235-353A304ECAF2}.Debug Release|Any CPU.ActiveCfg = Release|Any CPU
		{D916B1D6-AF17-4DC4-8235-353A304ECAF2}.Debug Release|Any CPU.Build.0 = Release|Any CPU
		{D916B1D6-AF17-4DC4-8235-353A304ECAF2}.Debug|Any CPU.ActiveCfg = Debug|Any CPU
		{D916B1D6-AF17-4DC4-8235-353A304ECAF2}.Debug|Any CPU.Build.0 = Debug|Any CPU
		{D916B1D6-AF17-4DC4-8235-353A304ECAF2}.Release|Any CPU.ActiveCfg = Release|Any CPU
		{D916B1D6-AF17-4DC4-8235-353A304ECAF2}.Release|Any CPU.Build.0 = Release|Any CPU
		{821952FF-1AB7-4126-8CAB-0AF2F5DD620B}.Debug Release|Any CPU.ActiveCfg = Release|Any CPU
		{821952FF-1AB7-4126-8CAB-0AF2F5DD620B}.Debug Release|Any CPU.Build.0 = Release|Any CPU
		{821952FF-1AB7-4126-8CAB-0AF2F5DD620B}.Debug|Any CPU.ActiveCfg = Debug|Any CPU
		{821952FF-1AB7-4126-8CAB-0AF2F5DD620B}.Debug|Any CPU.Build.0 = Debug|Any CPU
		{821952FF-1AB7-4126-8CAB-0AF2F5DD620B}.Release|Any CPU.ActiveCfg = Release|Any CPU
		{821952FF-1AB7-4126-8CAB-0AF2F5DD620B}.Release|Any CPU.Build.0 = Release|Any CPU
		{1858C06C-9B43-4733-8F29-8570DBEE56BD}.Debug Release|Any CPU.ActiveCfg = Release|Any CPU
		{1858C06C-9B43-4733-8F29-8570DBEE56BD}.Debug Release|Any CPU.Build.0 = Release|Any CPU
		{1858C06C-9B43-4733-8F29-8570DBEE56BD}.Debug|Any CPU.ActiveCfg = Debug|Any CPU
		{1858C06C-9B43-4733-8F29-8570DBEE56BD}.Debug|Any CPU.Build.0 = Debug|Any CPU
		{1858C06C-9B43-4733-8F29-8570DBEE56BD}.Release|Any CPU.ActiveCfg = Release|Any CPU
		{1858C06C-9B43-4733-8F29-8570DBEE56BD}.Release|Any CPU.Build.0 = Release|Any CPU
	EndGlobalSection
	GlobalSection(SolutionProperties) = preSolution
		HideSolutionNode = FALSE
	EndGlobalSection
	GlobalSection(ExtensibilityGlobals) = postSolution
		SolutionGuid = {144AC182-32DC-41B2-9617-BBB390D27A65}
	EndGlobalSection
EndGlobal
